
Microsoft Visual Studio Solution File, Format Version 12.00
# Visual Studio 15
VisualStudioVersion = 15.0.28307.1082
MinimumVisualStudioVersion = 10.0.40219.1
Project("{FAE04EC0-301F-11D3-BF4B-00C04F79EFBC}") = "EventoTec.web", "EventoTec.web\EventoTec.web.csproj", "{089D5586-AEBB-434D-9D4C-BAA304BF10A8}"
EndProject
Project("{FAE04EC0-301F-11D3-BF4B-00C04F79EFBC}") = "EventoTec.Libary", "EventoTec.Libary\EventoTec.Libary.csproj", "{7A15E7F8-94F9-40BF-99CC-19AE9D41D5CA}"
EndProject
Global
	GlobalSection(SolutionConfigurationPlatforms) = preSolution
		Debug|Any CPU = Debug|Any CPU
		Release|Any CPU = Release|Any CPU
	EndGlobalSection
	GlobalSection(ProjectConfigurationPlatforms) = postSolution
		{089D5586-AEBB-434D-9D4C-BAA304BF10A8}.Debug|Any CPU.ActiveCfg = Debug|Any CPU
		{089D5586-AEBB-434D-9D4C-BAA304BF10A8}.Debug|Any CPU.Build.0 = Debug|Any CPU
		{089D5586-AEBB-434D-9D4C-BAA304BF10A8}.Release|Any CPU.ActiveCfg = Release|Any CPU
		{089D5586-AEBB-434D-9D4C-BAA304BF10A8}.Release|Any CPU.Build.0 = Release|Any CPU
		{7A15E7F8-94F9-40BF-99CC-19AE9D41D5CA}.Debug|Any CPU.ActiveCfg = Debug|Any CPU
		{7A15E7F8-94F9-40BF-99CC-19AE9D41D5CA}.Debug|Any CPU.Build.0 = Debug|Any CPU
		{7A15E7F8-94F9-40BF-99CC-19AE9D41D5CA}.Release|Any CPU.ActiveCfg = Release|Any CPU
		{7A15E7F8-94F9-40BF-99CC-19AE9D41D5CA}.Release|Any CPU.Build.0 = Release|Any CPU
	EndGlobalSection
	GlobalSection(SolutionProperties) = preSolution
		HideSolutionNode = FALSE
	EndGlobalSection
	GlobalSection(ExtensibilityGlobals) = postSolution
		SolutionGuid = {1649DDD5-2A70-459F-AA01-B1C6847790D9}
	EndGlobalSection
EndGlobal
